
Microsoft Visual Studio Solution File, Format Version 12.00
# Visual Studio Version 17
VisualStudioVersion = 17.6.33829.357
MinimumVisualStudioVersion = 10.0.40219.1
Project("{9A19103F-16F7-4668-BE54-9A1E7A4F7556}") = "LogisticSolution", "LogisticSolution\LogisticSolution.csproj", "{91ADFEC5-87A2-4ED3-8498-D6B7BA337236}"
EndProject
Project("{FAE04EC0-301F-11D3-BF4B-00C04F79EFBC}") = "LogisticSolution.Test", "LogisticSolution.Test\LogisticSolution.Test.csproj", "{48E01095-C3DC-45A1-94F8-521FEAAF5D8F}"
EndProject
Global
	GlobalSection(SolutionConfigurationPlatforms) = preSolution
		Debug|Any CPU = Debug|Any CPU
		Release|Any CPU = Release|Any CPU
	EndGlobalSection
	GlobalSection(ProjectConfigurationPlatforms) = postSolution
		{91ADFEC5-87A2-4ED3-8498-D6B7BA337236}.Debug|Any CPU.ActiveCfg = Debug|Any CPU
		{91ADFEC5-87A2-4ED3-8498-D6B7BA337236}.Debug|Any CPU.Build.0 = Debug|Any CPU
		{91ADFEC5-87A2-4ED3-8498-D6B7BA337236}.Release|Any CPU.ActiveCfg = Release|Any CPU
		{91ADFEC5-87A2-4ED3-8498-D6B7BA337236}.Release|Any CPU.Build.0 = Release|Any CPU
		{48E01095-C3DC-45A1-94F8-521FEAAF5D8F}.Debug|Any CPU.ActiveCfg = Debug|Any CPU
		{48E01095-C3DC-45A1-94F8-521FEAAF5D8F}.Debug|Any CPU.Build.0 = Debug|Any CPU
		{48E01095-C3DC-45A1-94F8-521FEAAF5D8F}.Release|Any CPU.ActiveCfg = Release|Any CPU
		{48E01095-C3DC-45A1-94F8-521FEAAF5D8F}.Release|Any CPU.Build.0 = Release|Any CPU
	EndGlobalSection
	GlobalSection(SolutionProperties) = preSolution
		HideSolutionNode = FALSE
	EndGlobalSection
	GlobalSection(ExtensibilityGlobals) = postSolution
		SolutionGuid = {1BE6E2B4-310A-4D62-A065-E98BC2AD7F8F}
	EndGlobalSection
EndGlobal
